// !$*UTF8*$!
{
	archiveVersion = 1;
	classes = {
	};
	objectVersion = 46;
	objects = {

/* Begin PBXBuildFile section */
		C20D3F821D4E92470060BEA2 /* main.swift in Sources */ = {isa = PBXBuildFile; fileRef = C20D3F811D4E92470060BEA2 /* main.swift */; };
		C20D3F8B1D4E967C0060BEA2 /* Utils.c in Sources */ = {isa = PBXBuildFile; fileRef = C20D3F891D4E967C0060BEA2 /* Utils.c */; };
		C20D3FA01D4EE2CC0060BEA2 /* GlyphNames.swift in Sources */ = {isa = PBXBuildFile; fileRef = C20D3F9F1D4EE2CC0060BEA2 /* GlyphNames.swift */; };
		C20D3FA21D4FE6BA0060BEA2 /* CharacterMap.swift in Sources */ = {isa = PBXBuildFile; fileRef = C20D3FA11D4FE6BA0060BEA2 /* CharacterMap.swift */; };
/* End PBXBuildFile section */

/* Begin PBXCopyFilesBuildPhase section */
		C20D3F7C1D4E92470060BEA2 /* CopyFiles */ = {
			isa = PBXCopyFilesBuildPhase;
			buildActionMask = 2147483647;
			dstPath = /usr/share/man/man1/;
			dstSubfolderSpec = 0;
			files = (
			);
			runOnlyForDeploymentPostprocessing = 1;
		};
/* End PBXCopyFilesBuildPhase section */

/* Begin PBXFileReference section */
		C20D3F7E1D4E92470060BEA2 /* AhemMaker */ = {isa = PBXFileReference; explicitFileType = "compiled.mach-o.executable"; includeInIndex = 0; path = AhemMaker; sourceTree = BUILT_PRODUCTS_DIR; };
		C20D3F811D4E92470060BEA2 /* main.swift */ = {isa = PBXFileReference; lastKnownFileType = sourcecode.swift; path = main.swift; sourceTree = "<group>"; };
		C20D3F881D4E967C0060BEA2 /* AhemMaker-Bridging-Header.h */ = {isa = PBXFileReference; lastKnownFileType = sourcecode.c.h; path = "AhemMaker-Bridging-Header.h"; sourceTree = "<group>"; };
		C20D3F891D4E967C0060BEA2 /* Utils.c */ = {isa = PBXFileReference; fileEncoding = 4; lastKnownFileType = sourcecode.c.c; path = Utils.c; sourceTree = "<group>"; };
		C20D3F8A1D4E967C0060BEA2 /* Utils.h */ = {isa = PBXFileReference; fileEncoding = 4; lastKnownFileType = sourcecode.c.h; path = Utils.h; sourceTree = "<group>"; };
		C20D3F9F1D4EE2CC0060BEA2 /* GlyphNames.swift */ = {isa = PBXFileReference; fileEncoding = 4; lastKnownFileType = sourcecode.swift; path = GlyphNames.swift; sourceTree = "<group>"; };
		C20D3FA11D4FE6BA0060BEA2 /* CharacterMap.swift */ = {isa = PBXFileReference; fileEncoding = 4; lastKnownFileType = sourcecode.swift; path = CharacterMap.swift; sourceTree = "<group>"; };
/* End PBXFileReference section */

/* Begin PBXFrameworksBuildPhase section */
		C20D3F7B1D4E92470060BEA2 /* Frameworks */ = {
			isa = PBXFrameworksBuildPhase;
			buildActionMask = 2147483647;
			files = (
			);
			runOnlyForDeploymentPostprocessing = 0;
		};
/* End PBXFrameworksBuildPhase section */

/* Begin PBXGroup section */
		C20D3F751D4E92470060BEA2 = {
			isa = PBXGroup;
			children = (
				C20D3F801D4E92470060BEA2 /* AhemMaker */,
				C20D3F7F1D4E92470060BEA2 /* Products */,
			);
			sourceTree = "<group>";
		};
		C20D3F7F1D4E92470060BEA2 /* Products */ = {
			isa = PBXGroup;
			children = (
				C20D3F7E1D4E92470060BEA2 /* AhemMaker */,
			);
			name = Products;
			sourceTree = "<group>";
		};
		C20D3F801D4E92470060BEA2 /* AhemMaker */ = {
			isa = PBXGroup;
			children = (
				C20D3F811D4E92470060BEA2 /* main.swift */,
				C20D3F891D4E967C0060BEA2 /* Utils.c */,
				C20D3F8A1D4E967C0060BEA2 /* Utils.h */,
				C20D3F881D4E967C0060BEA2 /* AhemMaker-Bridging-Header.h */,
				C20D3F9F1D4EE2CC0060BEA2 /* GlyphNames.swift */,
				C20D3FA11D4FE6BA0060BEA2 /* CharacterMap.swift */,
			);
			path = AhemMaker;
			sourceTree = "<group>";
		};
/* End PBXGroup section */

/* Begin PBXNativeTarget section */
		C20D3F7D1D4E92470060BEA2 /* AhemMaker */ = {
			isa = PBXNativeTarget;
			buildConfigurationList = C20D3F851D4E92470060BEA2 /* Build configuration list for PBXNativeTarget "AhemMaker" */;
			buildPhases = (
				C20D3F7A1D4E92470060BEA2 /* Sources */,
				C20D3F7B1D4E92470060BEA2 /* Frameworks */,
				C20D3F7C1D4E92470060BEA2 /* CopyFiles */,
			);
			buildRules = (
			);
			dependencies = (
			);
			name = AhemMaker;
			productName = AhemMaker;
			productReference = C20D3F7E1D4E92470060BEA2 /* AhemMaker */;
			productType = "com.apple.product-type.tool";
		};
/* End PBXNativeTarget section */

/* Begin PBXProject section */
		C20D3F761D4E92470060BEA2 /* Project object */ = {
			isa = PBXProject;
			attributes = {
				LastSwiftUpdateCheck = 0730;
				LastUpgradeCheck = 0730;
				ORGANIZATIONNAME = Litherum;
				TargetAttributes = {
					C20D3F7D1D4E92470060BEA2 = {
						CreatedOnToolsVersion = 7.3.1;
					};
				};
			};
			buildConfigurationList = C20D3F791D4E92470060BEA2 /* Build configuration list for PBXProject "AhemMaker" */;
			compatibilityVersion = "Xcode 3.2";
			developmentRegion = English;
			hasScannedForEncodings = 0;
			knownRegions = (
				en,
			);
			mainGroup = C20D3F751D4E92470060BEA2;
			productRefGroup = C20D3F7F1D4E92470060BEA2 /* Products */;
			projectDirPath = "";
			projectRoot = "";
			targets = (
				C20D3F7D1D4E92470060BEA2 /* AhemMaker */,
			);
		};
/* End PBXProject section */

/* Begin PBXSourcesBuildPhase section */
		C20D3F7A1D4E92470060BEA2 /* Sources */ = {
			isa = PBXSourcesBuildPhase;
			buildActionMask = 2147483647;
			files = (
				C20D3FA21D4FE6BA0060BEA2 /* CharacterMap.swift in Sources */,
				C20D3FA01D4EE2CC0060BEA2 /* GlyphNames.swift in Sources */,
				C20D3F821D4E92470060BEA2 /* main.swift in Sources */,
				C20D3F8B1D4E967C0060BEA2 /* Utils.c in Sources */,
			);
			runOnlyForDeploymentPostprocessing = 0;
		};
/* End PBXSourcesBuildPhase section */

/* Begin XCBuildConfiguration section */
		C20D3F831D4E92470060BEA2 /* Debug */ = {
			isa = XCBuildConfiguration;
			buildSettings = {
				ALWAYS_SEARCH_USER_PATHS = NO;
				CLANG_ANALYZER_NONNULL = YES;
				CLANG_CXX_LANGUAGE_STANDARD = "gnu++0x";
				CLANG_CXX_LIBRARY = "libc++";
				CLANG_ENABLE_MODULES = YES;
				CLANG_ENABLE_OBJC_ARC = YES;
				CLANG_WARN_BOOL_CONVERSION = YES;
				CLANG_WARN_CONSTANT_CONVERSION = YES;
				CLANG_WARN_DIRECT_OBJC_ISA_USAGE = YES_ERROR;
				CLANG_WARN_EMPTY_BODY = YES;
				CLANG_WARN_ENUM_CONVERSION = YES;
				CLANG_WARN_INT_CONVERSION = YES;
				CLANG_WARN_OBJC_ROOT_CLASS = YES_ERROR;
				CLANG_WARN_UNREACHABLE_CODE = YES;
				CLANG_WARN__DUPLICATE_METHOD_MATCH = YES;
				CODE_SIGN_IDENTITY = "-";
				COPY_PHASE_STRIP = NO;
				DEBUG_INFORMATION_FORMAT = dwarf;
				ENABLE_STRICT_OBJC_MSGSEND = YES;
				ENABLE_TESTABILITY = YES;
				GCC_C_LANGUAGE_STANDARD = gnu99;
				GCC_DYNAMIC_NO_PIC = NO;
				GCC_NO_COMMON_BLOCKS = YES;
				GCC_OPTIMIZATION_LEVEL = 0;
				GCC_PREPROCESSOR_DEFINITIONS = (
					"DEBUG=1",
					"$(inherited)",
				);
				GCC_WARN_64_TO_32_BIT_CONVERSION = YES;
				GCC_WARN_ABOUT_RETURN_TYPE = YES_ERROR;
				GCC_WARN_UNDECLARED_SELECTOR = YES;
				GCC_WARN_UNINITIALIZED_AUTOS = YES_AGGRESSIVE;
				GCC_WARN_UNUSED_FUNCTION = YES;
				GCC_WARN_UNUSED_VARIABLE = YES;
				MACOSX_DEPLOYMENT_TARGET = 10.11;
				MTL_ENABLE_DEBUG_INFO = YES;
				ONLY_ACTIVE_ARCH = YES;
				SDKROOT = macosx;
				SWIFT_OPTIMIZATION_LEVEL = "-Onone";
			};
			name = Debug;
		};
		C20D3F841D4E92470060BEA2 /* Release */ = {
			isa = XCBuildConfiguration;
			buildSettings = {
				ALWAYS_SEARCH_USER_PATHS = NO;
				CLANG_ANALYZER_NONNULL = YES;
				CLANG_CXX_LANGUAGE_STANDARD = "gnu++0x";
				CLANG_CXX_LIBRARY = "libc++";
				CLANG_ENABLE_MODULES = YES;
				CLANG_ENABLE_OBJC_ARC = YES;
				CLANG_WARN_BOOL_CONVERSION = YES;
				CLANG_WARN_CONSTANT_CONVERSION = YES;
				CLANG_WARN_DIRECT_OBJC_ISA_USAGE = YES_ERROR;
				CLANG_WARN_EMPTY_BODY = YES;
				CLANG_WARN_ENUM_CONVERSION = YES;
				CLANG_WARN_INT_CONVERSION = YES;
				CLANG_WARN_OBJC_ROOT_CLASS = YES_ERROR;
				CLANG_WARN_UNREACHABLE_CODE = YES;
				CLANG_WARN__DUPLICATE_METHOD_MATCH = YES;
				CODE_SIGN_IDENTITY = "-";
				COPY_PHASE_STRIP = NO;
				DEBUG_INFORMATION_FORMAT = "dwarf-with-dsym";
				ENABLE_NS_ASSERTIONS = NO;
				ENABLE_STRICT_OBJC_MSGSEND = YES;
				GCC_C_LANGUAGE_STANDARD = gnu99;
				GCC_NO_COMMON_BLOCKS = YES;
				GCC_WARN_64_TO_32_BIT_CONVERSION = YES;
				GCC_WARN_ABOUT_RETURN_TYPE = YES_ERROR;
				GCC_WARN_UNDECLARED_SELECTOR = YES;
				GCC_WARN_UNINITIALIZED_AUTOS = YES_AGGRESSIVE;
				GCC_WARN_UNUSED_FUNCTION = YES;
				GCC_WARN_UNUSED_VARIABLE = YES;
				MACOSX_DEPLOYMENT_TARGET = 10.11;
				MTL_ENABLE_DEBUG_INFO = NO;
				SDKROOT = macosx;
			};
			name = Release;
		};
		C20D3F861D4E92470060BEA2 /* Debug */ = {
			isa = XCBuildConfiguration;
			buildSettings = {
				CLANG_ENABLE_MODULES = YES;
				LD_RUNPATH_SEARCH_PATHS = "$(inherited) @executable_path/../Frameworks @loader_path/../Frameworks";
				PRODUCT_NAME = "$(TARGET_NAME)";
				SWIFT_OBJC_BRIDGING_HEADER = "AhemMaker/AhemMaker-Bridging-Header.h";
				SWIFT_OPTIMIZATION_LEVEL = "-Onone";
			};
			name = Debug;
		};
		C20D3F871D4E92470060BEA2 /* Release */ = {
			isa = XCBuildConfiguration;
			buildSettings = {
				CLANG_ENABLE_MODULES = YES;
				LD_RUNPATH_SEARCH_PATHS = "$(inherited) @executable_path/../Frameworks @loader_path/../Frameworks";
				PRODUCT_NAME = "$(TARGET_NAME)";
				SWIFT_OBJC_BRIDGING_HEADER = "AhemMaker/AhemMaker-Bridging-Header.h";
			};
			name = Release;
		};
/* End XCBuildConfiguration section */

/* Begin XCConfigurationList section */
		C20D3F791D4E92470060BEA2 /* Build configuration list for PBXProject "AhemMaker" */ = {
			isa = XCConfigurationList;
			buildConfigurations = (
				C20D3F831D4E92470060BEA2 /* Debug */,
				C20D3F841D4E92470060BEA2 /* Release */,
			);
			defaultConfigurationIsVisible = 0;
			defaultConfigurationName = Release;
		};
		C20D3F851D4E92470060BEA2 /* Build configuration list for PBXNativeTarget "AhemMaker" */ = {
			isa = XCConfigurationList;
			buildConfigurations = (
				C20D3F861D4E92470060BEA2 /* Debug */,
				C20D3F871D4E92470060BEA2 /* Release */,
			);
			defaultConfigurationIsVisible = 0;
		};
/* End XCConfigurationList section */
	};
	rootObject = C20D3F761D4E92470060BEA2 /* Project object */;
}
